
Microsoft Visual Studio Solution File, Format Version 12.00
# Visual Studio 2015
Project("{FAE04EC0-301F-11D3-BF4B-00C04F79EFBC}") = "splattervr", "splattervr.csproj", "{74025F8A-2199-F75F-2BCC-F494AB8EDF91}"
EndProject
Project("{FAE04EC0-301F-11D3-BF4B-00C04F79EFBC}") = "splattervr.Editor", "splattervr.Editor.csproj", "{2C5E3D53-AA48-ED91-6343-DBA084D676F1}"
EndProject
Global
	GlobalSection(SolutionConfigurationPlatforms) = preSolution
		Debug|Any CPU = Debug|Any CPU
		Release|Any CPU = Release|Any CPU
	EndGlobalSection
	GlobalSection(ProjectConfigurationPlatforms) = postSolution
		{74025F8A-2199-F75F-2BCC-F494AB8EDF91}.Debug|Any CPU.ActiveCfg = Debug|Any CPU
		{74025F8A-2199-F75F-2BCC-F494AB8EDF91}.Debug|Any CPU.Build.0 = Debug|Any CPU
		{74025F8A-2199-F75F-2BCC-F494AB8EDF91}.Release|Any CPU.ActiveCfg = Release|Any CPU
		{74025F8A-2199-F75F-2BCC-F494AB8EDF91}.Release|Any CPU.Build.0 = Release|Any CPU
		{2C5E3D53-AA48-ED91-6343-DBA084D676F1}.Debug|Any CPU.ActiveCfg = Debug|Any CPU
		{2C5E3D53-AA48-ED91-6343-DBA084D676F1}.Debug|Any CPU.Build.0 = Debug|Any CPU
		{2C5E3D53-AA48-ED91-6343-DBA084D676F1}.Release|Any CPU.ActiveCfg = Release|Any CPU
		{2C5E3D53-AA48-ED91-6343-DBA084D676F1}.Release|Any CPU.Build.0 = Release|Any CPU
	EndGlobalSection
	GlobalSection(SolutionProperties) = preSolution
		HideSolutionNode = FALSE
	EndGlobalSection
EndGlobal
