
Microsoft Visual Studio Solution File, Format Version 12.00
# Visual Studio 2015
Project("{FAE04EC0-301F-11D3-BF4B-00C04F79EFBC}") = "SplatterVR", "SplatterVR.csproj", "{7BDF6CD0-B889-06E4-1C25-E036C0B52824}"
EndProject
Project("{FAE04EC0-301F-11D3-BF4B-00C04F79EFBC}") = "SplatterVR.Editor", "SplatterVR.Editor.csproj", "{5327EEEC-20E6-0B03-613E-F453FF6AC880}"
EndProject
Global
	GlobalSection(SolutionConfigurationPlatforms) = preSolution
		Debug|Any CPU = Debug|Any CPU
		Release|Any CPU = Release|Any CPU
	EndGlobalSection
	GlobalSection(ProjectConfigurationPlatforms) = postSolution
		{7BDF6CD0-B889-06E4-1C25-E036C0B52824}.Debug|Any CPU.ActiveCfg = Debug|Any CPU
		{7BDF6CD0-B889-06E4-1C25-E036C0B52824}.Debug|Any CPU.Build.0 = Debug|Any CPU
		{7BDF6CD0-B889-06E4-1C25-E036C0B52824}.Release|Any CPU.ActiveCfg = Release|Any CPU
		{7BDF6CD0-B889-06E4-1C25-E036C0B52824}.Release|Any CPU.Build.0 = Release|Any CPU
		{5327EEEC-20E6-0B03-613E-F453FF6AC880}.Debug|Any CPU.ActiveCfg = Debug|Any CPU
		{5327EEEC-20E6-0B03-613E-F453FF6AC880}.Debug|Any CPU.Build.0 = Debug|Any CPU
		{5327EEEC-20E6-0B03-613E-F453FF6AC880}.Release|Any CPU.ActiveCfg = Release|Any CPU
		{5327EEEC-20E6-0B03-613E-F453FF6AC880}.Release|Any CPU.Build.0 = Release|Any CPU
	EndGlobalSection
	GlobalSection(SolutionProperties) = preSolution
		HideSolutionNode = FALSE
	EndGlobalSection
EndGlobal
